
Microsoft Visual Studio Solution File, Format Version 12.00
# Visual Studio Version 16
VisualStudioVersion = 16.0.31624.102
MinimumVisualStudioVersion = 10.0.40219.1
Project("{9A19103F-16F7-4668-BE54-9A1E7A4F7556}") = "API", "src\API\API.csproj", "{97E43E36-08D1-4AA8-AEB1-1D727A0A49C7}"
EndProject
Project("{2150E333-8FDC-42A3-9474-1A3956D46DE8}") = "src", "src", "{ADCADD72-CFBA-4527-B587-B40B14081D38}"
EndProject
Project("{2150E333-8FDC-42A3-9474-1A3956D46DE8}") = "tests", "tests", "{8DEAE8DF-01B5-4F08-A106-EF075BE6591C}"
EndProject
Project("{9A19103F-16F7-4668-BE54-9A1E7A4F7556}") = "Application", "src\Application\Application.csproj", "{8E8F4F46-E74E-4873-8B64-64868E6CA4AF}"
EndProject
Project("{9A19103F-16F7-4668-BE54-9A1E7A4F7556}") = "Domain", "src\Domain\Domain.csproj", "{0CCAA04B-04B4-4453-9E2F-BB3306B382EE}"
EndProject
Project("{9A19103F-16F7-4668-BE54-9A1E7A4F7556}") = "Infrastructure", "src\Infrastructure\Infrastructure.csproj", "{E8440765-7FFD-47B1-B58D-7FE875E87C2B}"
EndProject
Project("{9A19103F-16F7-4668-BE54-9A1E7A4F7556}") = "Application.IntegrationTests", "tests\Application.IntegrationTests\Application.IntegrationTests.csproj", "{9FD13AE7-2347-4CDF-97BF-BC3E47861EBA}"
EndProject
Project("{9A19103F-16F7-4668-BE54-9A1E7A4F7556}") = "API.FunctionalTests", "tests\API.FunctionalTests\API.FunctionalTests.csproj", "{D47553D2-25D9-45DC-9A9F-492D85C9DD78}"
EndProject
Project("{FAE04EC0-301F-11D3-BF4B-00C04F79EFBC}") = "Application.UnitTests", "tests\Application.UnitTests\Application.UnitTests.csproj", "{F30D10B7-110A-4C30-BF2D-9384B2F568B0}"
EndProject
Project("{FAE04EC0-301F-11D3-BF4B-00C04F79EFBC}") = "Domain.UnitTests", "tests\Domain.UnitTests\Domain.UnitTests.csproj", "{A272848B-49CF-4DD7-AF30-AC9ED306BA58}"
EndProject
Global
	GlobalSection(SolutionConfigurationPlatforms) = preSolution
		Debug|Any CPU = Debug|Any CPU
		Release|Any CPU = Release|Any CPU
	EndGlobalSection
	GlobalSection(ProjectConfigurationPlatforms) = postSolution
		{97E43E36-08D1-4AA8-AEB1-1D727A0A49C7}.Debug|Any CPU.ActiveCfg = Debug|Any CPU
		{97E43E36-08D1-4AA8-AEB1-1D727A0A49C7}.Debug|Any CPU.Build.0 = Debug|Any CPU
		{97E43E36-08D1-4AA8-AEB1-1D727A0A49C7}.Release|Any CPU.ActiveCfg = Release|Any CPU
		{97E43E36-08D1-4AA8-AEB1-1D727A0A49C7}.Release|Any CPU.Build.0 = Release|Any CPU
		{8E8F4F46-E74E-4873-8B64-64868E6CA4AF}.Debug|Any CPU.ActiveCfg = Debug|Any CPU
		{8E8F4F46-E74E-4873-8B64-64868E6CA4AF}.Debug|Any CPU.Build.0 = Debug|Any CPU
		{8E8F4F46-E74E-4873-8B64-64868E6CA4AF}.Release|Any CPU.ActiveCfg = Release|Any CPU
		{8E8F4F46-E74E-4873-8B64-64868E6CA4AF}.Release|Any CPU.Build.0 = Release|Any CPU
		{0CCAA04B-04B4-4453-9E2F-BB3306B382EE}.Debug|Any CPU.ActiveCfg = Debug|Any CPU
		{0CCAA04B-04B4-4453-9E2F-BB3306B382EE}.Debug|Any CPU.Build.0 = Debug|Any CPU
		{0CCAA04B-04B4-4453-9E2F-BB3306B382EE}.Release|Any CPU.ActiveCfg = Release|Any CPU
		{0CCAA04B-04B4-4453-9E2F-BB3306B382EE}.Release|Any CPU.Build.0 = Release|Any CPU
		{E8440765-7FFD-47B1-B58D-7FE875E87C2B}.Debug|Any CPU.ActiveCfg = Debug|Any CPU
		{E8440765-7FFD-47B1-B58D-7FE875E87C2B}.Debug|Any CPU.Build.0 = Debug|Any CPU
		{E8440765-7FFD-47B1-B58D-7FE875E87C2B}.Release|Any CPU.ActiveCfg = Release|Any CPU
		{E8440765-7FFD-47B1-B58D-7FE875E87C2B}.Release|Any CPU.Build.0 = Release|Any CPU
		{9FD13AE7-2347-4CDF-97BF-BC3E47861EBA}.Debug|Any CPU.ActiveCfg = Debug|Any CPU
		{9FD13AE7-2347-4CDF-97BF-BC3E47861EBA}.Debug|Any CPU.Build.0 = Debug|Any CPU
		{9FD13AE7-2347-4CDF-97BF-BC3E47861EBA}.Release|Any CPU.ActiveCfg = Release|Any CPU
		{9FD13AE7-2347-4CDF-97BF-BC3E47861EBA}.Release|Any CPU.Build.0 = Release|Any CPU
		{D47553D2-25D9-45DC-9A9F-492D85C9DD78}.Debug|Any CPU.ActiveCfg = Debug|Any CPU
		{D47553D2-25D9-45DC-9A9F-492D85C9DD78}.Debug|Any CPU.Build.0 = Debug|Any CPU
		{D47553D2-25D9-45DC-9A9F-492D85C9DD78}.Release|Any CPU.ActiveCfg = Release|Any CPU
		{D47553D2-25D9-45DC-9A9F-492D85C9DD78}.Release|Any CPU.Build.0 = Release|Any CPU
		{F30D10B7-110A-4C30-BF2D-9384B2F568B0}.Debug|Any CPU.ActiveCfg = Debug|Any CPU
		{F30D10B7-110A-4C30-BF2D-9384B2F568B0}.Debug|Any CPU.Build.0 = Debug|Any CPU
		{F30D10B7-110A-4C30-BF2D-9384B2F568B0}.Release|Any CPU.ActiveCfg = Release|Any CPU
		{F30D10B7-110A-4C30-BF2D-9384B2F568B0}.Release|Any CPU.Build.0 = Release|Any CPU
		{A272848B-49CF-4DD7-AF30-AC9ED306BA58}.Debug|Any CPU.ActiveCfg = Debug|Any CPU
		{A272848B-49CF-4DD7-AF30-AC9ED306BA58}.Debug|Any CPU.Build.0 = Debug|Any CPU
		{A272848B-49CF-4DD7-AF30-AC9ED306BA58}.Release|Any CPU.ActiveCfg = Release|Any CPU
		{A272848B-49CF-4DD7-AF30-AC9ED306BA58}.Release|Any CPU.Build.0 = Release|Any CPU
	EndGlobalSection
	GlobalSection(SolutionProperties) = preSolution
		HideSolutionNode = FALSE
	EndGlobalSection
	GlobalSection(NestedProjects) = preSolution
		{97E43E36-08D1-4AA8-AEB1-1D727A0A49C7} = {ADCADD72-CFBA-4527-B587-B40B14081D38}
		{8E8F4F46-E74E-4873-8B64-64868E6CA4AF} = {ADCADD72-CFBA-4527-B587-B40B14081D38}
		{0CCAA04B-04B4-4453-9E2F-BB3306B382EE} = {ADCADD72-CFBA-4527-B587-B40B14081D38}
		{E8440765-7FFD-47B1-B58D-7FE875E87C2B} = {ADCADD72-CFBA-4527-B587-B40B14081D38}
		{9FD13AE7-2347-4CDF-97BF-BC3E47861EBA} = {8DEAE8DF-01B5-4F08-A106-EF075BE6591C}
		{D47553D2-25D9-45DC-9A9F-492D85C9DD78} = {8DEAE8DF-01B5-4F08-A106-EF075BE6591C}
		{F30D10B7-110A-4C30-BF2D-9384B2F568B0} = {8DEAE8DF-01B5-4F08-A106-EF075BE6591C}
		{A272848B-49CF-4DD7-AF30-AC9ED306BA58} = {8DEAE8DF-01B5-4F08-A106-EF075BE6591C}
	EndGlobalSection
	GlobalSection(ExtensibilityGlobals) = postSolution
		SolutionGuid = {CB9FC036-2E1B-496E-85DA-2912FD86B0C5}
	EndGlobalSection
EndGlobal
