
Microsoft Visual Studio Solution File, Format Version 12.00
# Visual Studio Version 16
VisualStudioVersion = 16.0.31624.102
MinimumVisualStudioVersion = 10.0.40219.1
Project("{2150E333-8FDC-42A3-9474-1A3956D46DE8}") = "src", "src", "{F705D7C3-9BF0-4D4C-BA1C-263E003E22D5}"
EndProject
Project("{2150E333-8FDC-42A3-9474-1A3956D46DE8}") = "tests", "tests", "{D27CC2F8-71F4-47F5-89B5-A64BB7230085}"
EndProject
Project("{9A19103F-16F7-4668-BE54-9A1E7A4F7556}") = "API", "src\API\API.csproj", "{7A44D6B5-6CDF-4048-BE33-AA55180E229F}"
EndProject
Project("{9A19103F-16F7-4668-BE54-9A1E7A4F7556}") = "Infrastructure", "src\Infrastructure\Infrastructure.csproj", "{D62EA975-515C-45E2-BCA0-ADAF75310995}"
EndProject
Project("{9A19103F-16F7-4668-BE54-9A1E7A4F7556}") = "Domain", "src\Domain\Domain.csproj", "{D5B38B9B-D442-4CDF-A399-5088A655F034}"
EndProject
Project("{9A19103F-16F7-4668-BE54-9A1E7A4F7556}") = "Application", "src\Application\Application.csproj", "{E493E600-A1E6-4CEB-A97B-3236EC457E34}"
EndProject
Project("{9A19103F-16F7-4668-BE54-9A1E7A4F7556}") = "API.FunctionalTests", "tests\API.FunctionalTests\API.FunctionalTests.csproj", "{90EAF736-5C89-4094-A8F5-1EDEAAAB92F1}"
EndProject
Project("{9A19103F-16F7-4668-BE54-9A1E7A4F7556}") = "Application.IntegrationTests", "tests\Application.IntegrationTests\Application.IntegrationTests.csproj", "{81C9944A-99F4-4CFE-A42C-6CE6F6BEE499}"
EndProject
Project("{9A19103F-16F7-4668-BE54-9A1E7A4F7556}") = "Application.UnitTests", "tests\Application.UnitTests\Application.UnitTests.csproj", "{FD1CA1A1-5961-43E8-9EE9-13C35969CA59}"
EndProject
Project("{9A19103F-16F7-4668-BE54-9A1E7A4F7556}") = "Domain.UnitTests", "tests\Domain.UnitTests\Domain.UnitTests.csproj", "{AFBACA06-1EA0-4A58-9C77-3F453EBCB9FF}"
EndProject
Project("{2150E333-8FDC-42A3-9474-1A3956D46DE8}") = "shared", "shared", "{725A6231-9908-4BAE-84D3-1CFE6DBDF787}"
EndProject
Project("{9A19103F-16F7-4668-BE54-9A1E7A4F7556}") = "Common.API", "..\common\src\Common.API\Common.API.csproj", "{A1DE42B2-0E6D-44CA-8B57-71A63FFE7CBC}"
EndProject
Project("{9A19103F-16F7-4668-BE54-9A1E7A4F7556}") = "Common.Application", "..\common\src\Common.Application\Common.Application.csproj", "{45166D99-E3CF-4A05-A6C4-CC0DBB1EF351}"
EndProject
Project("{9A19103F-16F7-4668-BE54-9A1E7A4F7556}") = "Common.Domain", "..\common\src\Common.Domain\Common.Domain.csproj", "{31258985-3336-4A86-897E-FF95A272CB3D}"
EndProject
Project("{9A19103F-16F7-4668-BE54-9A1E7A4F7556}") = "Common.Infrastructure", "..\common\src\Common.Infrastructure\Common.Infrastructure.csproj", "{ED797EC6-13B2-4D82-9E10-49A0B7F93FFE}"
EndProject
Project("{9A19103F-16F7-4668-BE54-9A1E7A4F7556}") = "Common.Testing", "..\common\tests\Common.Testing\Common.Testing.csproj", "{2286205A-EBA9-4F01-A461-6AF881719222}"
EndProject
Global
	GlobalSection(SolutionConfigurationPlatforms) = preSolution
		Debug|Any CPU = Debug|Any CPU
		Release|Any CPU = Release|Any CPU
	EndGlobalSection
	GlobalSection(ProjectConfigurationPlatforms) = postSolution
		{7A44D6B5-6CDF-4048-BE33-AA55180E229F}.Debug|Any CPU.ActiveCfg = Debug|Any CPU
		{7A44D6B5-6CDF-4048-BE33-AA55180E229F}.Debug|Any CPU.Build.0 = Debug|Any CPU
		{7A44D6B5-6CDF-4048-BE33-AA55180E229F}.Release|Any CPU.ActiveCfg = Release|Any CPU
		{7A44D6B5-6CDF-4048-BE33-AA55180E229F}.Release|Any CPU.Build.0 = Release|Any CPU
		{D62EA975-515C-45E2-BCA0-ADAF75310995}.Debug|Any CPU.ActiveCfg = Debug|Any CPU
		{D62EA975-515C-45E2-BCA0-ADAF75310995}.Debug|Any CPU.Build.0 = Debug|Any CPU
		{D62EA975-515C-45E2-BCA0-ADAF75310995}.Release|Any CPU.ActiveCfg = Release|Any CPU
		{D62EA975-515C-45E2-BCA0-ADAF75310995}.Release|Any CPU.Build.0 = Release|Any CPU
		{D5B38B9B-D442-4CDF-A399-5088A655F034}.Debug|Any CPU.ActiveCfg = Debug|Any CPU
		{D5B38B9B-D442-4CDF-A399-5088A655F034}.Debug|Any CPU.Build.0 = Debug|Any CPU
		{D5B38B9B-D442-4CDF-A399-5088A655F034}.Release|Any CPU.ActiveCfg = Release|Any CPU
		{D5B38B9B-D442-4CDF-A399-5088A655F034}.Release|Any CPU.Build.0 = Release|Any CPU
		{E493E600-A1E6-4CEB-A97B-3236EC457E34}.Debug|Any CPU.ActiveCfg = Debug|Any CPU
		{E493E600-A1E6-4CEB-A97B-3236EC457E34}.Debug|Any CPU.Build.0 = Debug|Any CPU
		{E493E600-A1E6-4CEB-A97B-3236EC457E34}.Release|Any CPU.ActiveCfg = Release|Any CPU
		{E493E600-A1E6-4CEB-A97B-3236EC457E34}.Release|Any CPU.Build.0 = Release|Any CPU
		{90EAF736-5C89-4094-A8F5-1EDEAAAB92F1}.Debug|Any CPU.ActiveCfg = Debug|Any CPU
		{90EAF736-5C89-4094-A8F5-1EDEAAAB92F1}.Debug|Any CPU.Build.0 = Debug|Any CPU
		{90EAF736-5C89-4094-A8F5-1EDEAAAB92F1}.Release|Any CPU.ActiveCfg = Release|Any CPU
		{90EAF736-5C89-4094-A8F5-1EDEAAAB92F1}.Release|Any CPU.Build.0 = Release|Any CPU
		{81C9944A-99F4-4CFE-A42C-6CE6F6BEE499}.Debug|Any CPU.ActiveCfg = Debug|Any CPU
		{81C9944A-99F4-4CFE-A42C-6CE6F6BEE499}.Debug|Any CPU.Build.0 = Debug|Any CPU
		{81C9944A-99F4-4CFE-A42C-6CE6F6BEE499}.Release|Any CPU.ActiveCfg = Release|Any CPU
		{81C9944A-99F4-4CFE-A42C-6CE6F6BEE499}.Release|Any CPU.Build.0 = Release|Any CPU
		{FD1CA1A1-5961-43E8-9EE9-13C35969CA59}.Debug|Any CPU.ActiveCfg = Debug|Any CPU
		{FD1CA1A1-5961-43E8-9EE9-13C35969CA59}.Debug|Any CPU.Build.0 = Debug|Any CPU
		{FD1CA1A1-5961-43E8-9EE9-13C35969CA59}.Release|Any CPU.ActiveCfg = Release|Any CPU
		{FD1CA1A1-5961-43E8-9EE9-13C35969CA59}.Release|Any CPU.Build.0 = Release|Any CPU
		{AFBACA06-1EA0-4A58-9C77-3F453EBCB9FF}.Debug|Any CPU.ActiveCfg = Debug|Any CPU
		{AFBACA06-1EA0-4A58-9C77-3F453EBCB9FF}.Debug|Any CPU.Build.0 = Debug|Any CPU
		{AFBACA06-1EA0-4A58-9C77-3F453EBCB9FF}.Release|Any CPU.ActiveCfg = Release|Any CPU
		{AFBACA06-1EA0-4A58-9C77-3F453EBCB9FF}.Release|Any CPU.Build.0 = Release|Any CPU
		{A1DE42B2-0E6D-44CA-8B57-71A63FFE7CBC}.Debug|Any CPU.ActiveCfg = Debug|Any CPU
		{A1DE42B2-0E6D-44CA-8B57-71A63FFE7CBC}.Debug|Any CPU.Build.0 = Debug|Any CPU
		{A1DE42B2-0E6D-44CA-8B57-71A63FFE7CBC}.Release|Any CPU.ActiveCfg = Release|Any CPU
		{A1DE42B2-0E6D-44CA-8B57-71A63FFE7CBC}.Release|Any CPU.Build.0 = Release|Any CPU
		{45166D99-E3CF-4A05-A6C4-CC0DBB1EF351}.Debug|Any CPU.ActiveCfg = Debug|Any CPU
		{45166D99-E3CF-4A05-A6C4-CC0DBB1EF351}.Debug|Any CPU.Build.0 = Debug|Any CPU
		{45166D99-E3CF-4A05-A6C4-CC0DBB1EF351}.Release|Any CPU.ActiveCfg = Release|Any CPU
		{45166D99-E3CF-4A05-A6C4-CC0DBB1EF351}.Release|Any CPU.Build.0 = Release|Any CPU
		{31258985-3336-4A86-897E-FF95A272CB3D}.Debug|Any CPU.ActiveCfg = Debug|Any CPU
		{31258985-3336-4A86-897E-FF95A272CB3D}.Debug|Any CPU.Build.0 = Debug|Any CPU
		{31258985-3336-4A86-897E-FF95A272CB3D}.Release|Any CPU.ActiveCfg = Release|Any CPU
		{31258985-3336-4A86-897E-FF95A272CB3D}.Release|Any CPU.Build.0 = Release|Any CPU
		{ED797EC6-13B2-4D82-9E10-49A0B7F93FFE}.Debug|Any CPU.ActiveCfg = Debug|Any CPU
		{ED797EC6-13B2-4D82-9E10-49A0B7F93FFE}.Debug|Any CPU.Build.0 = Debug|Any CPU
		{ED797EC6-13B2-4D82-9E10-49A0B7F93FFE}.Release|Any CPU.ActiveCfg = Release|Any CPU
		{ED797EC6-13B2-4D82-9E10-49A0B7F93FFE}.Release|Any CPU.Build.0 = Release|Any CPU
		{2286205A-EBA9-4F01-A461-6AF881719222}.Debug|Any CPU.ActiveCfg = Debug|Any CPU
		{2286205A-EBA9-4F01-A461-6AF881719222}.Debug|Any CPU.Build.0 = Debug|Any CPU
		{2286205A-EBA9-4F01-A461-6AF881719222}.Release|Any CPU.ActiveCfg = Release|Any CPU
		{2286205A-EBA9-4F01-A461-6AF881719222}.Release|Any CPU.Build.0 = Release|Any CPU
	EndGlobalSection
	GlobalSection(SolutionProperties) = preSolution
		HideSolutionNode = FALSE
	EndGlobalSection
	GlobalSection(NestedProjects) = preSolution
		{7A44D6B5-6CDF-4048-BE33-AA55180E229F} = {F705D7C3-9BF0-4D4C-BA1C-263E003E22D5}
		{D62EA975-515C-45E2-BCA0-ADAF75310995} = {F705D7C3-9BF0-4D4C-BA1C-263E003E22D5}
		{D5B38B9B-D442-4CDF-A399-5088A655F034} = {F705D7C3-9BF0-4D4C-BA1C-263E003E22D5}
		{E493E600-A1E6-4CEB-A97B-3236EC457E34} = {F705D7C3-9BF0-4D4C-BA1C-263E003E22D5}
		{90EAF736-5C89-4094-A8F5-1EDEAAAB92F1} = {D27CC2F8-71F4-47F5-89B5-A64BB7230085}
		{81C9944A-99F4-4CFE-A42C-6CE6F6BEE499} = {D27CC2F8-71F4-47F5-89B5-A64BB7230085}
		{FD1CA1A1-5961-43E8-9EE9-13C35969CA59} = {D27CC2F8-71F4-47F5-89B5-A64BB7230085}
		{AFBACA06-1EA0-4A58-9C77-3F453EBCB9FF} = {D27CC2F8-71F4-47F5-89B5-A64BB7230085}
		{A1DE42B2-0E6D-44CA-8B57-71A63FFE7CBC} = {725A6231-9908-4BAE-84D3-1CFE6DBDF787}
		{45166D99-E3CF-4A05-A6C4-CC0DBB1EF351} = {725A6231-9908-4BAE-84D3-1CFE6DBDF787}
		{31258985-3336-4A86-897E-FF95A272CB3D} = {725A6231-9908-4BAE-84D3-1CFE6DBDF787}
		{ED797EC6-13B2-4D82-9E10-49A0B7F93FFE} = {725A6231-9908-4BAE-84D3-1CFE6DBDF787}
		{2286205A-EBA9-4F01-A461-6AF881719222} = {725A6231-9908-4BAE-84D3-1CFE6DBDF787}
	EndGlobalSection
	GlobalSection(ExtensibilityGlobals) = postSolution
		SolutionGuid = {8681AB0B-58BC-4E88-8339-95E0CAF51170}
	EndGlobalSection
EndGlobal
